
Microsoft Visual Studio Solution File, Format Version 12.00
# Visual Studio Version 16
VisualStudioVersion = 16.0.32602.290
MinimumVisualStudioVersion = 10.0.40219.1
Project("{FAE04EC0-301F-11D3-BF4B-00C04F79EFBC}") = "BasicoCsharp", "BasicoCsharp\BasicoCsharp.csproj", "{FA956D81-C537-47F3-81AA-4292356645CE}"
EndProject
Global
	GlobalSection(SolutionConfigurationPlatforms) = preSolution
		Debug|Any CPU = Debug|Any CPU
		Release|Any CPU = Release|Any CPU
	EndGlobalSection
	GlobalSection(ProjectConfigurationPlatforms) = postSolution
		{FA956D81-C537-47F3-81AA-4292356645CE}.Debug|Any CPU.ActiveCfg = Debug|Any CPU
		{FA956D81-C537-47F3-81AA-4292356645CE}.Debug|Any CPU.Build.0 = Debug|Any CPU
		{FA956D81-C537-47F3-81AA-4292356645CE}.Release|Any CPU.ActiveCfg = Release|Any CPU
		{FA956D81-C537-47F3-81AA-4292356645CE}.Release|Any CPU.Build.0 = Release|Any CPU
	EndGlobalSection
	GlobalSection(SolutionProperties) = preSolution
		HideSolutionNode = FALSE
	EndGlobalSection
	GlobalSection(ExtensibilityGlobals) = postSolution
		SolutionGuid = {B9FDFE84-29E7-46FA-864F-DC3E37398436}
	EndGlobalSection
EndGlobal
